// !$*UTF8*$!
{
	archiveVersion = 1;
	classes = {
	};
	objectVersion = 48;
	objects = {

/* Begin PBXBuildFile section */
		B91FC7CD1FDB083000C06C48 /* AppDelegate.swift in Sources */ = {isa = PBXBuildFile; fileRef = B91FC7CC1FDB083000C06C48 /* AppDelegate.swift */; };
		B91FC7CF1FDB083000C06C48 /* ViewController.swift in Sources */ = {isa = PBXBuildFile; fileRef = B91FC7CE1FDB083000C06C48 /* ViewController.swift */; };
		B91FC7D21FDB083000C06C48 /* Main.storyboard in Resources */ = {isa = PBXBuildFile; fileRef = B91FC7D01FDB083000C06C48 /* Main.storyboard */; };
		B91FC7D41FDB083000C06C48 /* Assets.xcassets in Resources */ = {isa = PBXBuildFile; fileRef = B91FC7D31FDB083000C06C48 /* Assets.xcassets */; };
		B91FC7D71FDB083000C06C48 /* LaunchScreen.storyboard in Resources */ = {isa = PBXBuildFile; fileRef = B91FC7D51FDB083000C06C48 /* LaunchScreen.storyboard */; };
		B91FC7E21FDB083000C06C48 /* MusicPlayerTests.swift in Sources */ = {isa = PBXBuildFile; fileRef = B91FC7E11FDB083000C06C48 /* MusicPlayerTests.swift */; };
		B91FC7ED1FDB083000C06C48 /* MusicPlayerUITests.swift in Sources */ = {isa = PBXBuildFile; fileRef = B91FC7EC1FDB083000C06C48 /* MusicPlayerUITests.swift */; };
		B91FC7FB1FDB0AA200C06C48 /* New Person Same Old Mistakes.mp3 in Resources */ = {isa = PBXBuildFile; fileRef = B91FC7FA1FDB0AA200C06C48 /* New Person Same Old Mistakes.mp3 */; };
/* End PBXBuildFile section */

/* Begin PBXContainerItemProxy section */
		B91FC7DE1FDB083000C06C48 /* PBXContainerItemProxy */ = {
			isa = PBXContainerItemProxy;
			containerPortal = B91FC7C11FDB083000C06C48 /* Project object */;
			proxyType = 1;
			remoteGlobalIDString = B91FC7C81FDB083000C06C48;
			remoteInfo = MusicPlayer;
		};
		B91FC7E91FDB083000C06C48 /* PBXContainerItemProxy */ = {
			isa = PBXContainerItemProxy;
			containerPortal = B91FC7C11FDB083000C06C48 /* Project object */;
			proxyType = 1;
			remoteGlobalIDString = B91FC7C81FDB083000C06C48;
			remoteInfo = MusicPlayer;
		};
/* End PBXContainerItemProxy section */

/* Begin PBXFileReference section */
		B91FC7C91FDB083000C06C48 /* MusicPlayer.app */ = {isa = PBXFileReference; explicitFileType = wrapper.application; includeInIndex = 0; path = MusicPlayer.app; sourceTree = BUILT_PRODUCTS_DIR; };
		B91FC7CC1FDB083000C06C48 /* AppDelegate.swift */ = {isa = PBXFileReference; lastKnownFileType = sourcecode.swift; path = AppDelegate.swift; sourceTree = "<group>"; };
		B91FC7CE1FDB083000C06C48 /* ViewController.swift */ = {isa = PBXFileReference; lastKnownFileType = sourcecode.swift; path = ViewController.swift; sourceTree = "<group>"; };
		B91FC7D11FDB083000C06C48 /* Base */ = {isa = PBXFileReference; lastKnownFileType = file.storyboard; name = Base; path = Base.lproj/Main.storyboard; sourceTree = "<group>"; };
		B91FC7D31FDB083000C06C48 /* Assets.xcassets */ = {isa = PBXFileReference; lastKnownFileType = folder.assetcatalog; path = Assets.xcassets; sourceTree = "<group>"; };
		B91FC7D61FDB083000C06C48 /* Base */ = {isa = PBXFileReference; lastKnownFileType = file.storyboard; name = Base; path = Base.lproj/LaunchScreen.storyboard; sourceTree = "<group>"; };
		B91FC7D81FDB083000C06C48 /* Info.plist */ = {isa = PBXFileReference; lastKnownFileType = text.plist.xml; path = Info.plist; sourceTree = "<group>"; };
		B91FC7DD1FDB083000C06C48 /* MusicPlayerTests.xctest */ = {isa = PBXFileReference; explicitFileType = wrapper.cfbundle; includeInIndex = 0; path = MusicPlayerTests.xctest; sourceTree = BUILT_PRODUCTS_DIR; };
		B91FC7E11FDB083000C06C48 /* MusicPlayerTests.swift */ = {isa = PBXFileReference; lastKnownFileType = sourcecode.swift; path = MusicPlayerTests.swift; sourceTree = "<group>"; };
		B91FC7E31FDB083000C06C48 /* Info.plist */ = {isa = PBXFileReference; lastKnownFileType = text.plist.xml; path = Info.plist; sourceTree = "<group>"; };
		B91FC7E81FDB083000C06C48 /* MusicPlayerUITests.xctest */ = {isa = PBXFileReference; explicitFileType = wrapper.cfbundle; includeInIndex = 0; path = MusicPlayerUITests.xctest; sourceTree = BUILT_PRODUCTS_DIR; };
		B91FC7EC1FDB083000C06C48 /* MusicPlayerUITests.swift */ = {isa = PBXFileReference; lastKnownFileType = sourcecode.swift; path = MusicPlayerUITests.swift; sourceTree = "<group>"; };
		B91FC7EE1FDB083000C06C48 /* Info.plist */ = {isa = PBXFileReference; lastKnownFileType = text.plist.xml; path = Info.plist; sourceTree = "<group>"; };
		B91FC7FA1FDB0AA200C06C48 /* New Person Same Old Mistakes.mp3 */ = {isa = PBXFileReference; lastKnownFileType = audio.mp3; path = "New Person Same Old Mistakes.mp3"; sourceTree = "<group>"; };
/* End PBXFileReference section */

/* Begin PBXFrameworksBuildPhase section */
		B91FC7C61FDB083000C06C48 /* Frameworks */ = {
			isa = PBXFrameworksBuildPhase;
			buildActionMask = 2147483647;
			files = (
			);
			runOnlyForDeploymentPostprocessing = 0;
		};
		B91FC7DA1FDB083000C06C48 /* Frameworks */ = {
			isa = PBXFrameworksBuildPhase;
			buildActionMask = 2147483647;
			files = (
			);
			runOnlyForDeploymentPostprocessing = 0;
		};
		B91FC7E51FDB083000C06C48 /* Frameworks */ = {
			isa = PBXFrameworksBuildPhase;
			buildActionMask = 2147483647;
			files = (
			);
			runOnlyForDeploymentPostprocessing = 0;
		};
/* End PBXFrameworksBuildPhase section */

/* Begin PBXGroup section */
		B91FC7C01FDB082F00C06C48 = {
			isa = PBXGroup;
			children = (
				B91FC7CB1FDB083000C06C48 /* MusicPlayer */,
				B91FC7E01FDB083000C06C48 /* MusicPlayerTests */,
				B91FC7EB1FDB083000C06C48 /* MusicPlayerUITests */,
				B91FC7CA1FDB083000C06C48 /* Products */,
			);
			sourceTree = "<group>";
		};
		B91FC7CA1FDB083000C06C48 /* Products */ = {
			isa = PBXGroup;
			children = (
				B91FC7C91FDB083000C06C48 /* MusicPlayer.app */,
				B91FC7DD1FDB083000C06C48 /* MusicPlayerTests.xctest */,
				B91FC7E81FDB083000C06C48 /* MusicPlayerUITests.xctest */,
			);
			name = Products;
			sourceTree = "<group>";
		};
		B91FC7CB1FDB083000C06C48 /* MusicPlayer */ = {
			isa = PBXGroup;
			children = (
				B91FC7CC1FDB083000C06C48 /* AppDelegate.swift */,
				B91FC7CE1FDB083000C06C48 /* ViewController.swift */,
				B91FC7D01FDB083000C06C48 /* Main.storyboard */,
				B91FC7FA1FDB0AA200C06C48 /* New Person Same Old Mistakes.mp3 */,
				B91FC7D31FDB083000C06C48 /* Assets.xcassets */,
				B91FC7D51FDB083000C06C48 /* LaunchScreen.storyboard */,
				B91FC7D81FDB083000C06C48 /* Info.plist */,
			);
			path = MusicPlayer;
			sourceTree = "<group>";
		};
		B91FC7E01FDB083000C06C48 /* MusicPlayerTests */ = {
			isa = PBXGroup;
			children = (
				B91FC7E11FDB083000C06C48 /* MusicPlayerTests.swift */,
				B91FC7E31FDB083000C06C48 /* Info.plist */,
			);
			path = MusicPlayerTests;
			sourceTree = "<group>";
		};
		B91FC7EB1FDB083000C06C48 /* MusicPlayerUITests */ = {
			isa = PBXGroup;
			children = (
				B91FC7EC1FDB083000C06C48 /* MusicPlayerUITests.swift */,
				B91FC7EE1FDB083000C06C48 /* Info.plist */,
			);
			path = MusicPlayerUITests;
			sourceTree = "<group>";
		};
/* End PBXGroup section */

/* Begin PBXNativeTarget section */
		B91FC7C81FDB083000C06C48 /* MusicPlayer */ = {
			isa = PBXNativeTarget;
			buildConfigurationList = B91FC7F11FDB083000C06C48 /* Build configuration list for PBXNativeTarget "MusicPlayer" */;
			buildPhases = (
				B91FC7C51FDB083000C06C48 /* Sources */,
				B91FC7C61FDB083000C06C48 /* Frameworks */,
				B91FC7C71FDB083000C06C48 /* Resources */,
			);
			buildRules = (
			);
			dependencies = (
			);
			name = MusicPlayer;
			productName = MusicPlayer;
			productReference = B91FC7C91FDB083000C06C48 /* MusicPlayer.app */;
			productType = "com.apple.product-type.application";
		};
		B91FC7DC1FDB083000C06C48 /* MusicPlayerTests */ = {
			isa = PBXNativeTarget;
			buildConfigurationList = B91FC7F41FDB083000C06C48 /* Build configuration list for PBXNativeTarget "MusicPlayerTests" */;
			buildPhases = (
				B91FC7D91FDB083000C06C48 /* Sources */,
				B91FC7DA1FDB083000C06C48 /* Frameworks */,
				B91FC7DB1FDB083000C06C48 /* Resources */,
			);
			buildRules = (
			);
			dependencies = (
				B91FC7DF1FDB083000C06C48 /* PBXTargetDependency */,
			);
			name = MusicPlayerTests;
			productName = MusicPlayerTests;
			productReference = B91FC7DD1FDB083000C06C48 /* MusicPlayerTests.xctest */;
			productType = "com.apple.product-type.bundle.unit-test";
		};
		B91FC7E71FDB083000C06C48 /* MusicPlayerUITests */ = {
			isa = PBXNativeTarget;
			buildConfigurationList = B91FC7F71FDB083000C06C48 /* Build configuration list for PBXNativeTarget "MusicPlayerUITests" */;
			buildPhases = (
				B91FC7E41FDB083000C06C48 /* Sources */,
				B91FC7E51FDB083000C06C48 /* Frameworks */,
				B91FC7E61FDB083000C06C48 /* Resources */,
			);
			buildRules = (
			);
			dependencies = (
				B91FC7EA1FDB083000C06C48 /* PBXTargetDependency */,
			);
			name = MusicPlayerUITests;
			productName = MusicPlayerUITests;
			productReference = B91FC7E81FDB083000C06C48 /* MusicPlayerUITests.xctest */;
			productType = "com.apple.product-type.bundle.ui-testing";
		};
/* End PBXNativeTarget section */

/* Begin PBXProject section */
		B91FC7C11FDB083000C06C48 /* Project object */ = {
			isa = PBXProject;
			attributes = {
				LastSwiftUpdateCheck = 0920;
				LastUpgradeCheck = 0920;
				ORGANIZATIONNAME = "Yudhvir Raj";
				TargetAttributes = {
					B91FC7C81FDB083000C06C48 = {
						CreatedOnToolsVersion = 9.2;
						ProvisioningStyle = Automatic;
					};
					B91FC7DC1FDB083000C06C48 = {
						CreatedOnToolsVersion = 9.2;
						ProvisioningStyle = Automatic;
						TestTargetID = B91FC7C81FDB083000C06C48;
					};
					B91FC7E71FDB083000C06C48 = {
						CreatedOnToolsVersion = 9.2;
						ProvisioningStyle = Automatic;
						TestTargetID = B91FC7C81FDB083000C06C48;
					};
				};
			};
			buildConfigurationList = B91FC7C41FDB083000C06C48 /* Build configuration list for PBXProject "MusicPlayer" */;
			compatibilityVersion = "Xcode 8.0";
			developmentRegion = en;
			hasScannedForEncodings = 0;
			knownRegions = (
				en,
				Base,
			);
			mainGroup = B91FC7C01FDB082F00C06C48;
			productRefGroup = B91FC7CA1FDB083000C06C48 /* Products */;
			projectDirPath = "";
			projectRoot = "";
			targets = (
				B91FC7C81FDB083000C06C48 /* MusicPlayer */,
				B91FC7DC1FDB083000C06C48 /* MusicPlayerTests */,
				B91FC7E71FDB083000C06C48 /* MusicPlayerUITests */,
			);
		};
/* End PBXProject section */

/* Begin PBXResourcesBuildPhase section */
		B91FC7C71FDB083000C06C48 /* Resources */ = {
			isa = PBXResourcesBuildPhase;
			buildActionMask = 2147483647;
			files = (
				B91FC7D71FDB083000C06C48 /* LaunchScreen.storyboard in Resources */,
				B91FC7D41FDB083000C06C48 /* Assets.xcassets in Resources */,
				B91FC7D21FDB083000C06C48 /* Main.storyboard in Resources */,
				B91FC7FB1FDB0AA200C06C48 /* New Person Same Old Mistakes.mp3 in Resources */,
			);
			runOnlyForDeploymentPostprocessing = 0;
		};
		B91FC7DB1FDB083000C06C48 /* Resources */ = {
			isa = PBXResourcesBuildPhase;
			buildActionMask = 2147483647;
			files = (
			);
			runOnlyForDeploymentPostprocessing = 0;
		};
		B91FC7E61FDB083000C06C48 /* Resources */ = {
			isa = PBXResourcesBuildPhase;
			buildActionMask = 2147483647;
			files = (
			);
			runOnlyForDeploymentPostprocessing = 0;
		};
/* End PBXResourcesBuildPhase section */

/* Begin PBXSourcesBuildPhase section */
		B91FC7C51FDB083000C06C48 /* Sources */ = {
			isa = PBXSourcesBuildPhase;
			buildActionMask = 2147483647;
			files = (
				B91FC7CF1FDB083000C06C48 /* ViewController.swift in Sources */,
				B91FC7CD1FDB083000C06C48 /* AppDelegate.swift in Sources */,
			);
			runOnlyForDeploymentPostprocessing = 0;
		};
		B91FC7D91FDB083000C06C48 /* Sources */ = {
			isa = PBXSourcesBuildPhase;
			buildActionMask = 2147483647;
			files = (
				B91FC7E21FDB083000C06C48 /* MusicPlayerTests.swift in Sources */,
			);
			runOnlyForDeploymentPostprocessing = 0;
		};
		B91FC7E41FDB083000C06C48 /* Sources */ = {
			isa = PBXSourcesBuildPhase;
			buildActionMask = 2147483647;
			files = (
				B91FC7ED1FDB083000C06C48 /* MusicPlayerUITests.swift in Sources */,
			);
			runOnlyForDeploymentPostprocessing = 0;
		};
/* End PBXSourcesBuildPhase section */

/* Begin PBXTargetDependency section */
		B91FC7DF1FDB083000C06C48 /* PBXTargetDependency */ = {
			isa = PBXTargetDependency;
			target = B91FC7C81FDB083000C06C48 /* MusicPlayer */;
			targetProxy = B91FC7DE1FDB083000C06C48 /* PBXContainerItemProxy */;
		};
		B91FC7EA1FDB083000C06C48 /* PBXTargetDependency */ = {
			isa = PBXTargetDependency;
			target = B91FC7C81FDB083000C06C48 /* MusicPlayer */;
			targetProxy = B91FC7E91FDB083000C06C48 /* PBXContainerItemProxy */;
		};
/* End PBXTargetDependency section */

/* Begin PBXVariantGroup section */
		B91FC7D01FDB083000C06C48 /* Main.storyboard */ = {
			isa = PBXVariantGroup;
			children = (
				B91FC7D11FDB083000C06C48 /* Base */,
			);
			name = Main.storyboard;
			sourceTree = "<group>";
		};
		B91FC7D51FDB083000C06C48 /* LaunchScreen.storyboard */ = {
			isa = PBXVariantGroup;
			children = (
				B91FC7D61FDB083000C06C48 /* Base */,
			);
			name = LaunchScreen.storyboard;
			sourceTree = "<group>";
		};
/* End PBXVariantGroup section */

/* Begin XCBuildConfiguration section */
		B91FC7EF1FDB083000C06C48 /* Debug */ = {
			isa = XCBuildConfiguration;
			buildSettings = {
				ALWAYS_SEARCH_USER_PATHS = NO;
				CLANG_ANALYZER_NONNULL = YES;
				CLANG_ANALYZER_NUMBER_OBJECT_CONVERSION = YES_AGGRESSIVE;
				CLANG_CXX_LANGUAGE_STANDARD = "gnu++14";
				CLANG_CXX_LIBRARY = "libc++";
				CLANG_ENABLE_MODULES = YES;
				CLANG_ENABLE_OBJC_ARC = YES;
				CLANG_WARN_BLOCK_CAPTURE_AUTORELEASING = YES;
				CLANG_WARN_BOOL_CONVERSION = YES;
				CLANG_WARN_COMMA = YES;
				CLANG_WARN_CONSTANT_CONVERSION = YES;
				CLANG_WARN_DIRECT_OBJC_ISA_USAGE = YES_ERROR;
				CLANG_WARN_DOCUMENTATION_COMMENTS = YES;
				CLANG_WARN_EMPTY_BODY = YES;
				CLANG_WARN_ENUM_CONVERSION = YES;
				CLANG_WARN_INFINITE_RECURSION = YES;
				CLANG_WARN_INT_CONVERSION = YES;
				CLANG_WARN_NON_LITERAL_NULL_CONVERSION = YES;
				CLANG_WARN_OBJC_LITERAL_CONVERSION = YES;
				CLANG_WARN_OBJC_ROOT_CLASS = YES_ERROR;
				CLANG_WARN_RANGE_LOOP_ANALYSIS = YES;
				CLANG_WARN_STRICT_PROTOTYPES = YES;
				CLANG_WARN_SUSPICIOUS_MOVE = YES;
				CLANG_WARN_UNGUARDED_AVAILABILITY = YES_AGGRESSIVE;
				CLANG_WARN_UNREACHABLE_CODE = YES;
				CLANG_WARN__DUPLICATE_METHOD_MATCH = YES;
				CODE_SIGN_IDENTITY = "iPhone Developer";
				COPY_PHASE_STRIP = NO;
				DEBUG_INFORMATION_FORMAT = dwarf;
				ENABLE_STRICT_OBJC_MSGSEND = YES;
				ENABLE_TESTABILITY = YES;
				GCC_C_LANGUAGE_STANDARD = gnu11;
				GCC_DYNAMIC_NO_PIC = NO;
				GCC_NO_COMMON_BLOCKS = YES;
				GCC_OPTIMIZATION_LEVEL = 0;
				GCC_PREPROCESSOR_DEFINITIONS = (
					"DEBUG=1",
					"$(inherited)",
				);
				GCC_WARN_64_TO_32_BIT_CONVERSION = YES;
				GCC_WARN_ABOUT_RETURN_TYPE = YES_ERROR;
				GCC_WARN_UNDECLARED_SELECTOR = YES;
				GCC_WARN_UNINITIALIZED_AUTOS = YES_AGGRESSIVE;
				GCC_WARN_UNUSED_FUNCTION = YES;
				GCC_WARN_UNUSED_VARIABLE = YES;
				IPHONEOS_DEPLOYMENT_TARGET = 11.2;
				MTL_ENABLE_DEBUG_INFO = YES;
				ONLY_ACTIVE_ARCH = YES;
				SDKROOT = iphoneos;
				SWIFT_ACTIVE_COMPILATION_CONDITIONS = DEBUG;
				SWIFT_OPTIMIZATION_LEVEL = "-Onone";
			};
			name = Debug;
		};
		B91FC7F01FDB083000C06C48 /* Release */ = {
			isa = XCBuildConfiguration;
			buildSettings = {
				ALWAYS_SEARCH_USER_PATHS = NO;
				CLANG_ANALYZER_NONNULL = YES;
				CLANG_ANALYZER_NUMBER_OBJECT_CONVERSION = YES_AGGRESSIVE;
				CLANG_CXX_LANGUAGE_STANDARD = "gnu++14";
				CLANG_CXX_LIBRARY = "libc++";
				CLANG_ENABLE_MODULES = YES;
				CLANG_ENABLE_OBJC_ARC = YES;
				CLANG_WARN_BLOCK_CAPTURE_AUTORELEASING = YES;
				CLANG_WARN_BOOL_CONVERSION = YES;
				CLANG_WARN_COMMA = YES;
				CLANG_WARN_CONSTANT_CONVERSION = YES;
				CLANG_WARN_DIRECT_OBJC_ISA_USAGE = YES_ERROR;
				CLANG_WARN_DOCUMENTATION_COMMENTS = YES;
				CLANG_WARN_EMPTY_BODY = YES;
				CLANG_WARN_ENUM_CONVERSION = YES;
				CLANG_WARN_INFINITE_RECURSION = YES;
				CLANG_WARN_INT_CONVERSION = YES;
				CLANG_WARN_NON_LITERAL_NULL_CONVERSION = YES;
				CLANG_WARN_OBJC_LITERAL_CONVERSION = YES;
				CLANG_WARN_OBJC_ROOT_CLASS = YES_ERROR;
				CLANG_WARN_RANGE_LOOP_ANALYSIS = YES;
				CLANG_WARN_STRICT_PROTOTYPES = YES;
				CLANG_WARN_SUSPICIOUS_MOVE = YES;
				CLANG_WARN_UNGUARDED_AVAILABILITY = YES_AGGRESSIVE;
				CLANG_WARN_UNREACHABLE_CODE = YES;
				CLANG_WARN__DUPLICATE_METHOD_MATCH = YES;
				CODE_SIGN_IDENTITY = "iPhone Developer";
				COPY_PHASE_STRIP = NO;
				DEBUG_INFORMATION_FORMAT = "dwarf-with-dsym";
				ENABLE_NS_ASSERTIONS = NO;
				ENABLE_STRICT_OBJC_MSGSEND = YES;
				GCC_C_LANGUAGE_STANDARD = gnu11;
				GCC_NO_COMMON_BLOCKS = YES;
				GCC_WARN_64_TO_32_BIT_CONVERSION = YES;
				GCC_WARN_ABOUT_RETURN_TYPE = YES_ERROR;
				GCC_WARN_UNDECLARED_SELECTOR = YES;
				GCC_WARN_UNINITIALIZED_AUTOS = YES_AGGRESSIVE;
				GCC_WARN_UNUSED_FUNCTION = YES;
				GCC_WARN_UNUSED_VARIABLE = YES;
				IPHONEOS_DEPLOYMENT_TARGET = 11.2;
				MTL_ENABLE_DEBUG_INFO = NO;
				SDKROOT = iphoneos;
				SWIFT_OPTIMIZATION_LEVEL = "-Owholemodule";
				VALIDATE_PRODUCT = YES;
			};
			name = Release;
		};
		B91FC7F21FDB083000C06C48 /* Debug */ = {
			isa = XCBuildConfiguration;
			buildSettings = {
				ASSETCATALOG_COMPILER_APPICON_NAME = AppIcon;
				CODE_SIGN_STYLE = Automatic;
				DEVELOPMENT_TEAM = N6RP3H788Z;
				INFOPLIST_FILE = MusicPlayer/Info.plist;
				IPHONEOS_DEPLOYMENT_TARGET = 10.0;
				LD_RUNPATH_SEARCH_PATHS = "$(inherited) @executable_path/Frameworks";
				PRODUCT_BUNDLE_IDENTIFIER = UnderratedDev.MusicPlayer;
				PRODUCT_NAME = "$(TARGET_NAME)";
				SWIFT_VERSION = 4.0;
				TARGETED_DEVICE_FAMILY = "1,2";
			};
			name = Debug;
		};
		B91FC7F31FDB083000C06C48 /* Release */ = {
			isa = XCBuildConfiguration;
			buildSettings = {
				ASSETCATALOG_COMPILER_APPICON_NAME = AppIcon;
				CODE_SIGN_STYLE = Automatic;
				DEVELOPMENT_TEAM = N6RP3H788Z;
				INFOPLIST_FILE = MusicPlayer/Info.plist;
				IPHONEOS_DEPLOYMENT_TARGET = 10.0;
				LD_RUNPATH_SEARCH_PATHS = "$(inherited) @executable_path/Frameworks";
				PRODUCT_BUNDLE_IDENTIFIER = UnderratedDev.MusicPlayer;
				PRODUCT_NAME = "$(TARGET_NAME)";
				SWIFT_VERSION = 4.0;
				TARGETED_DEVICE_FAMILY = "1,2";
			};
			name = Release;
		};
		B91FC7F51FDB083000C06C48 /* Debug */ = {
			isa = XCBuildConfiguration;
			buildSettings = {
				ALWAYS_EMBED_SWIFT_STANDARD_LIBRARIES = YES;
				BUNDLE_LOADER = "$(TEST_HOST)";
				CODE_SIGN_STYLE = Automatic;
				DEVELOPMENT_TEAM = N6RP3H788Z;
				INFOPLIST_FILE = MusicPlayerTests/Info.plist;
				LD_RUNPATH_SEARCH_PATHS = "$(inherited) @executable_path/Frameworks @loader_path/Frameworks";
				PRODUCT_BUNDLE_IDENTIFIER = UnderratedDev.MusicPlayerTests;
				PRODUCT_NAME = "$(TARGET_NAME)";
				SWIFT_VERSION = 4.0;
				TARGETED_DEVICE_FAMILY = "1,2";
				TEST_HOST = "$(BUILT_PRODUCTS_DIR)/MusicPlayer.app/MusicPlayer";
			};
			name = Debug;
		};
		B91FC7F61FDB083000C06C48 /* Release */ = {
			isa = XCBuildConfiguration;
			buildSettings = {
				ALWAYS_EMBED_SWIFT_STANDARD_LIBRARIES = YES;
				BUNDLE_LOADER = "$(TEST_HOST)";
				CODE_SIGN_STYLE = Automatic;
				DEVELOPMENT_TEAM = N6RP3H788Z;
				INFOPLIST_FILE = MusicPlayerTests/Info.plist;
				LD_RUNPATH_SEARCH_PATHS = "$(inherited) @executable_path/Frameworks @loader_path/Frameworks";
				PRODUCT_BUNDLE_IDENTIFIER = UnderratedDev.MusicPlayerTests;
				PRODUCT_NAME = "$(TARGET_NAME)";
				SWIFT_VERSION = 4.0;
				TARGETED_DEVICE_FAMILY = "1,2";
				TEST_HOST = "$(BUILT_PRODUCTS_DIR)/MusicPlayer.app/MusicPlayer";
			};
			name = Release;
		};
		B91FC7F81FDB083000C06C48 /* Debug */ = {
			isa = XCBuildConfiguration;
			buildSettings = {
				ALWAYS_EMBED_SWIFT_STANDARD_LIBRARIES = YES;
				CODE_SIGN_STYLE = Automatic;
				DEVELOPMENT_TEAM = N6RP3H788Z;
				INFOPLIST_FILE = MusicPlayerUITests/Info.plist;
				LD_RUNPATH_SEARCH_PATHS = "$(inherited) @executable_path/Frameworks @loader_path/Frameworks";
				PRODUCT_BUNDLE_IDENTIFIER = UnderratedDev.MusicPlayerUITests;
				PRODUCT_NAME = "$(TARGET_NAME)";
				SWIFT_VERSION = 4.0;
				TARGETED_DEVICE_FAMILY = "1,2";
				TEST_TARGET_NAME = MusicPlayer;
			};
			name = Debug;
		};
		B91FC7F91FDB083000C06C48 /* Release */ = {
			isa = XCBuildConfiguration;
			buildSettings = {
				ALWAYS_EMBED_SWIFT_STANDARD_LIBRARIES = YES;
				CODE_SIGN_STYLE = Automatic;
				DEVELOPMENT_TEAM = N6RP3H788Z;
				INFOPLIST_FILE = MusicPlayerUITests/Info.plist;
				LD_RUNPATH_SEARCH_PATHS = "$(inherited) @executable_path/Frameworks @loader_path/Frameworks";
				PRODUCT_BUNDLE_IDENTIFIER = UnderratedDev.MusicPlayerUITests;
				PRODUCT_NAME = "$(TARGET_NAME)";
				SWIFT_VERSION = 4.0;
				TARGETED_DEVICE_FAMILY = "1,2";
				TEST_TARGET_NAME = MusicPlayer;
			};
			name = Release;
		};
/* End XCBuildConfiguration section */

/* Begin XCConfigurationList section */
		B91FC7C41FDB083000C06C48 /* Build configuration list for PBXProject "MusicPlayer" */ = {
			isa = XCConfigurationList;
			buildConfigurations = (
				B91FC7EF1FDB083000C06C48 /* Debug */,
				B91FC7F01FDB083000C06C48 /* Release */,
			);
			defaultConfigurationIsVisible = 0;
			defaultConfigurationName = Release;
		};
		B91FC7F11FDB083000C06C48 /* Build configuration list for PBXNativeTarget "MusicPlayer" */ = {
			isa = XCConfigurationList;
			buildConfigurations = (
				B91FC7F21FDB083000C06C48 /* Debug */,
				B91FC7F31FDB083000C06C48 /* Release */,
			);
			defaultConfigurationIsVisible = 0;
			defaultConfigurationName = Release;
		};
		B91FC7F41FDB083000C06C48 /* Build configuration list for PBXNativeTarget "MusicPlayerTests" */ = {
			isa = XCConfigurationList;
			buildConfigurations = (
				B91FC7F51FDB083000C06C48 /* Debug */,
				B91FC7F61FDB083000C06C48 /* Release */,
			);
			defaultConfigurationIsVisible = 0;
			defaultConfigurationName = Release;
		};
		B91FC7F71FDB083000C06C48 /* Build configuration list for PBXNativeTarget "MusicPlayerUITests" */ = {
			isa = XCConfigurationList;
			buildConfigurations = (
				B91FC7F81FDB083000C06C48 /* Debug */,
				B91FC7F91FDB083000C06C48 /* Release */,
			);
			defaultConfigurationIsVisible = 0;
			defaultConfigurationName = Release;
		};
/* End XCConfigurationList section */
	};
	rootObject = B91FC7C11FDB083000C06C48 /* Project object */;
}
